// !$*UTF8*$!
{
	archiveVersion = 1;
	classes = {
	};
	objectVersion = 50;
	objects = {

/* Begin PBXBuildFile section */
		C7867E5025F9B21C009E68FA /* StoreMapView.swift in Sources */ = {isa = PBXBuildFile; fileRef = C7867E4F25F9B21C009E68FA /* StoreMapView.swift */; };
		C7867E5525F9B452009E68FA /* LocationController.swift in Sources */ = {isa = PBXBuildFile; fileRef = C7867E5425F9B452009E68FA /* LocationController.swift */; };
		C78840ED25F852C00039A8AC /* StoreListItemView.swift in Sources */ = {isa = PBXBuildFile; fileRef = C78840EC25F852C00039A8AC /* StoreListItemView.swift */; };
		C7BB2AE025F46A5F00F430D8 /* VaxSeenApp.swift in Sources */ = {isa = PBXBuildFile; fileRef = C7BB2ADF25F46A5F00F430D8 /* VaxSeenApp.swift */; };
		C7BB2AE225F46A5F00F430D8 /* ContentView.swift in Sources */ = {isa = PBXBuildFile; fileRef = C7BB2AE125F46A5F00F430D8 /* ContentView.swift */; };
		C7BB2AE425F46A6000F430D8 /* Assets.xcassets in Resources */ = {isa = PBXBuildFile; fileRef = C7BB2AE325F46A6000F430D8 /* Assets.xcassets */; };
		C7BB2AE725F46A6000F430D8 /* Preview Assets.xcassets in Resources */ = {isa = PBXBuildFile; fileRef = C7BB2AE625F46A6000F430D8 /* Preview Assets.xcassets */; };
		C7BB2AF225F46A6000F430D8 /* VaxSeenTests.swift in Sources */ = {isa = PBXBuildFile; fileRef = C7BB2AF125F46A6000F430D8 /* VaxSeenTests.swift */; };
		C7BB2AFD25F46A6100F430D8 /* VaxSeenUITests.swift in Sources */ = {isa = PBXBuildFile; fileRef = C7BB2AFC25F46A6100F430D8 /* VaxSeenUITests.swift */; };
		C7BB2B0E25F46DB800F430D8 /* CVSView.swift in Sources */ = {isa = PBXBuildFile; fileRef = C7BB2B0D25F46DB800F430D8 /* CVSView.swift */; };
		C7BB2B1825F47EAB00F430D8 /* CVSController.swift in Sources */ = {isa = PBXBuildFile; fileRef = C7BB2B1725F47EAB00F430D8 /* CVSController.swift */; };
		C7BB2B2425F486B700F430D8 /* StoreModels.swift in Sources */ = {isa = PBXBuildFile; fileRef = C7BB2B2325F486B700F430D8 /* StoreModels.swift */; };
		C7BB2B2C25F51F9700F430D8 /* StoreListView.swift in Sources */ = {isa = PBXBuildFile; fileRef = C7BB2B2B25F51F9700F430D8 /* StoreListView.swift */; };
/* End PBXBuildFile section */

/* Begin PBXContainerItemProxy section */
		C7BB2AEE25F46A6000F430D8 /* PBXContainerItemProxy */ = {
			isa = PBXContainerItemProxy;
			containerPortal = C7BB2AD425F46A5F00F430D8 /* Project object */;
			proxyType = 1;
			remoteGlobalIDString = C7BB2ADB25F46A5F00F430D8;
			remoteInfo = VaxSeen;
		};
		C7BB2AF925F46A6000F430D8 /* PBXContainerItemProxy */ = {
			isa = PBXContainerItemProxy;
			containerPortal = C7BB2AD425F46A5F00F430D8 /* Project object */;
			proxyType = 1;
			remoteGlobalIDString = C7BB2ADB25F46A5F00F430D8;
			remoteInfo = VaxSeen;
		};
/* End PBXContainerItemProxy section */

/* Begin PBXFileReference section */
		C7867E4F25F9B21C009E68FA /* StoreMapView.swift */ = {isa = PBXFileReference; lastKnownFileType = sourcecode.swift; path = StoreMapView.swift; sourceTree = "<group>"; };
		C7867E5425F9B452009E68FA /* LocationController.swift */ = {isa = PBXFileReference; lastKnownFileType = sourcecode.swift; path = LocationController.swift; sourceTree = "<group>"; };
		C78840EC25F852C00039A8AC /* StoreListItemView.swift */ = {isa = PBXFileReference; lastKnownFileType = sourcecode.swift; path = StoreListItemView.swift; sourceTree = "<group>"; };
		C7BB2ADC25F46A5F00F430D8 /* VaxSeen.app */ = {isa = PBXFileReference; explicitFileType = wrapper.application; includeInIndex = 0; path = VaxSeen.app; sourceTree = BUILT_PRODUCTS_DIR; };
		C7BB2ADF25F46A5F00F430D8 /* VaxSeenApp.swift */ = {isa = PBXFileReference; lastKnownFileType = sourcecode.swift; path = VaxSeenApp.swift; sourceTree = "<group>"; };
		C7BB2AE125F46A5F00F430D8 /* ContentView.swift */ = {isa = PBXFileReference; lastKnownFileType = sourcecode.swift; path = ContentView.swift; sourceTree = "<group>"; };
		C7BB2AE325F46A6000F430D8 /* Assets.xcassets */ = {isa = PBXFileReference; lastKnownFileType = folder.assetcatalog; path = Assets.xcassets; sourceTree = "<group>"; };
		C7BB2AE625F46A6000F430D8 /* Preview Assets.xcassets */ = {isa = PBXFileReference; lastKnownFileType = folder.assetcatalog; path = "Preview Assets.xcassets"; sourceTree = "<group>"; };
		C7BB2AE825F46A6000F430D8 /* Info.plist */ = {isa = PBXFileReference; lastKnownFileType = text.plist.xml; path = Info.plist; sourceTree = "<group>"; };
		C7BB2AED25F46A6000F430D8 /* VaxSeenTests.xctest */ = {isa = PBXFileReference; explicitFileType = wrapper.cfbundle; includeInIndex = 0; path = VaxSeenTests.xctest; sourceTree = BUILT_PRODUCTS_DIR; };
		C7BB2AF125F46A6000F430D8 /* VaxSeenTests.swift */ = {isa = PBXFileReference; lastKnownFileType = sourcecode.swift; path = VaxSeenTests.swift; sourceTree = "<group>"; };
		C7BB2AF325F46A6000F430D8 /* Info.plist */ = {isa = PBXFileReference; lastKnownFileType = text.plist.xml; path = Info.plist; sourceTree = "<group>"; };
		C7BB2AF825F46A6000F430D8 /* VaxSeenUITests.xctest */ = {isa = PBXFileReference; explicitFileType = wrapper.cfbundle; includeInIndex = 0; path = VaxSeenUITests.xctest; sourceTree = BUILT_PRODUCTS_DIR; };
		C7BB2AFC25F46A6100F430D8 /* VaxSeenUITests.swift */ = {isa = PBXFileReference; lastKnownFileType = sourcecode.swift; path = VaxSeenUITests.swift; sourceTree = "<group>"; };
		C7BB2AFE25F46A6100F430D8 /* Info.plist */ = {isa = PBXFileReference; lastKnownFileType = text.plist.xml; path = Info.plist; sourceTree = "<group>"; };
		C7BB2B0D25F46DB800F430D8 /* CVSView.swift */ = {isa = PBXFileReference; lastKnownFileType = sourcecode.swift; path = CVSView.swift; sourceTree = "<group>"; };
		C7BB2B1725F47EAB00F430D8 /* CVSController.swift */ = {isa = PBXFileReference; lastKnownFileType = sourcecode.swift; path = CVSController.swift; sourceTree = "<group>"; };
		C7BB2B2325F486B700F430D8 /* StoreModels.swift */ = {isa = PBXFileReference; lastKnownFileType = sourcecode.swift; path = StoreModels.swift; sourceTree = "<group>"; };
		C7BB2B2B25F51F9700F430D8 /* StoreListView.swift */ = {isa = PBXFileReference; lastKnownFileType = sourcecode.swift; path = StoreListView.swift; sourceTree = "<group>"; };
/* End PBXFileReference section */

/* Begin PBXFrameworksBuildPhase section */
		C7BB2AD925F46A5F00F430D8 /* Frameworks */ = {
			isa = PBXFrameworksBuildPhase;
			buildActionMask = 2147483647;
			files = (
			);
			runOnlyForDeploymentPostprocessing = 0;
		};
		C7BB2AEA25F46A6000F430D8 /* Frameworks */ = {
			isa = PBXFrameworksBuildPhase;
			buildActionMask = 2147483647;
			files = (
			);
			runOnlyForDeploymentPostprocessing = 0;
		};
		C7BB2AF525F46A6000F430D8 /* Frameworks */ = {
			isa = PBXFrameworksBuildPhase;
			buildActionMask = 2147483647;
			files = (
			);
			runOnlyForDeploymentPostprocessing = 0;
		};
/* End PBXFrameworksBuildPhase section */

/* Begin PBXGroup section */
		C7BB2AD325F46A5F00F430D8 = {
			isa = PBXGroup;
			children = (
				C7BB2ADE25F46A5F00F430D8 /* VaxSeen */,
				C7BB2AF025F46A6000F430D8 /* VaxSeenTests */,
				C7BB2AFB25F46A6100F430D8 /* VaxSeenUITests */,
				C7BB2ADD25F46A5F00F430D8 /* Products */,
			);
			sourceTree = "<group>";
		};
		C7BB2ADD25F46A5F00F430D8 /* Products */ = {
			isa = PBXGroup;
			children = (
				C7BB2ADC25F46A5F00F430D8 /* VaxSeen.app */,
				C7BB2AED25F46A6000F430D8 /* VaxSeenTests.xctest */,
				C7BB2AF825F46A6000F430D8 /* VaxSeenUITests.xctest */,
			);
			name = Products;
			sourceTree = "<group>";
		};
		C7BB2ADE25F46A5F00F430D8 /* VaxSeen */ = {
			isa = PBXGroup;
			children = (
				C7BB2B2225F486A600F430D8 /* Models */,
				C7BB2B1625F4765A00F430D8 /* Networking */,
				C7BB2B1525F4760900F430D8 /* Views */,
				C7BB2ADF25F46A5F00F430D8 /* VaxSeenApp.swift */,
				C7BB2AE325F46A6000F430D8 /* Assets.xcassets */,
				C7BB2AE825F46A6000F430D8 /* Info.plist */,
				C7BB2AE525F46A6000F430D8 /* Preview Content */,
			);
			path = VaxSeen;
			sourceTree = "<group>";
		};
		C7BB2AE525F46A6000F430D8 /* Preview Content */ = {
			isa = PBXGroup;
			children = (
				C7BB2AE625F46A6000F430D8 /* Preview Assets.xcassets */,
			);
			path = "Preview Content";
			sourceTree = "<group>";
		};
		C7BB2AF025F46A6000F430D8 /* VaxSeenTests */ = {
			isa = PBXGroup;
			children = (
				C7BB2AF125F46A6000F430D8 /* VaxSeenTests.swift */,
				C7BB2AF325F46A6000F430D8 /* Info.plist */,
			);
			path = VaxSeenTests;
			sourceTree = "<group>";
		};
		C7BB2AFB25F46A6100F430D8 /* VaxSeenUITests */ = {
			isa = PBXGroup;
			children = (
				C7BB2AFC25F46A6100F430D8 /* VaxSeenUITests.swift */,
				C7BB2AFE25F46A6100F430D8 /* Info.plist */,
			);
			path = VaxSeenUITests;
			sourceTree = "<group>";
		};
		C7BB2B1525F4760900F430D8 /* Views */ = {
			isa = PBXGroup;
			children = (
				C7BB2B0D25F46DB800F430D8 /* CVSView.swift */,
				C7BB2AE125F46A5F00F430D8 /* ContentView.swift */,
				C7BB2B2B25F51F9700F430D8 /* StoreListView.swift */,
				C78840EC25F852C00039A8AC /* StoreListItemView.swift */,
				C7867E4F25F9B21C009E68FA /* StoreMapView.swift */,
			);
			path = Views;
			sourceTree = "<group>";
		};
		C7BB2B1625F4765A00F430D8 /* Networking */ = {
			isa = PBXGroup;
			children = (
				C7BB2B1725F47EAB00F430D8 /* CVSController.swift */,
				C7867E5425F9B452009E68FA /* LocationController.swift */,
			);
			path = Networking;
			sourceTree = "<group>";
		};
		C7BB2B2225F486A600F430D8 /* Models */ = {
			isa = PBXGroup;
			children = (
				C7BB2B2325F486B700F430D8 /* StoreModels.swift */,
			);
			path = Models;
			sourceTree = "<group>";
		};
/* End PBXGroup section */

/* Begin PBXNativeTarget section */
		C7BB2ADB25F46A5F00F430D8 /* VaxSeen */ = {
			isa = PBXNativeTarget;
			buildConfigurationList = C7BB2B0125F46A6100F430D8 /* Build configuration list for PBXNativeTarget "VaxSeen" */;
			buildPhases = (
				C7BB2AD825F46A5F00F430D8 /* Sources */,
				C7BB2AD925F46A5F00F430D8 /* Frameworks */,
				C7BB2ADA25F46A5F00F430D8 /* Resources */,
			);
			buildRules = (
			);
			dependencies = (
			);
			name = VaxSeen;
			productName = VaxSeen;
			productReference = C7BB2ADC25F46A5F00F430D8 /* VaxSeen.app */;
			productType = "com.apple.product-type.application";
		};
		C7BB2AEC25F46A6000F430D8 /* VaxSeenTests */ = {
			isa = PBXNativeTarget;
			buildConfigurationList = C7BB2B0425F46A6100F430D8 /* Build configuration list for PBXNativeTarget "VaxSeenTests" */;
			buildPhases = (
				C7BB2AE925F46A6000F430D8 /* Sources */,
				C7BB2AEA25F46A6000F430D8 /* Frameworks */,
				C7BB2AEB25F46A6000F430D8 /* Resources */,
			);
			buildRules = (
			);
			dependencies = (
				C7BB2AEF25F46A6000F430D8 /* PBXTargetDependency */,
			);
			name = VaxSeenTests;
			productName = VaxSeenTests;
			productReference = C7BB2AED25F46A6000F430D8 /* VaxSeenTests.xctest */;
			productType = "com.apple.product-type.bundle.unit-test";
		};
		C7BB2AF725F46A6000F430D8 /* VaxSeenUITests */ = {
			isa = PBXNativeTarget;
			buildConfigurationList = C7BB2B0725F46A6100F430D8 /* Build configuration list for PBXNativeTarget "VaxSeenUITests" */;
			buildPhases = (
				C7BB2AF425F46A6000F430D8 /* Sources */,
				C7BB2AF525F46A6000F430D8 /* Frameworks */,
				C7BB2AF625F46A6000F430D8 /* Resources */,
			);
			buildRules = (
			);
			dependencies = (
				C7BB2AFA25F46A6000F430D8 /* PBXTargetDependency */,
			);
			name = VaxSeenUITests;
			productName = VaxSeenUITests;
			productReference = C7BB2AF825F46A6000F430D8 /* VaxSeenUITests.xctest */;
			productType = "com.apple.product-type.bundle.ui-testing";
		};
/* End PBXNativeTarget section */

/* Begin PBXProject section */
		C7BB2AD425F46A5F00F430D8 /* Project object */ = {
			isa = PBXProject;
			attributes = {
				LastSwiftUpdateCheck = 1240;
				LastUpgradeCheck = 1240;
				TargetAttributes = {
					C7BB2ADB25F46A5F00F430D8 = {
						CreatedOnToolsVersion = 12.4;
					};
					C7BB2AEC25F46A6000F430D8 = {
						CreatedOnToolsVersion = 12.4;
						TestTargetID = C7BB2ADB25F46A5F00F430D8;
					};
					C7BB2AF725F46A6000F430D8 = {
						CreatedOnToolsVersion = 12.4;
						TestTargetID = C7BB2ADB25F46A5F00F430D8;
					};
				};
			};
			buildConfigurationList = C7BB2AD725F46A5F00F430D8 /* Build configuration list for PBXProject "VaxSeen" */;
			compatibilityVersion = "Xcode 9.3";
			developmentRegion = en;
			hasScannedForEncodings = 0;
			knownRegions = (
				en,
				Base,
			);
			mainGroup = C7BB2AD325F46A5F00F430D8;
			productRefGroup = C7BB2ADD25F46A5F00F430D8 /* Products */;
			projectDirPath = "";
			projectRoot = "";
			targets = (
				C7BB2ADB25F46A5F00F430D8 /* VaxSeen */,
				C7BB2AEC25F46A6000F430D8 /* VaxSeenTests */,
				C7BB2AF725F46A6000F430D8 /* VaxSeenUITests */,
			);
		};
/* End PBXProject section */

/* Begin PBXResourcesBuildPhase section */
		C7BB2ADA25F46A5F00F430D8 /* Resources */ = {
			isa = PBXResourcesBuildPhase;
			buildActionMask = 2147483647;
			files = (
				C7BB2AE725F46A6000F430D8 /* Preview Assets.xcassets in Resources */,
				C7BB2AE425F46A6000F430D8 /* Assets.xcassets in Resources */,
			);
			runOnlyForDeploymentPostprocessing = 0;
		};
		C7BB2AEB25F46A6000F430D8 /* Resources */ = {
			isa = PBXResourcesBuildPhase;
			buildActionMask = 2147483647;
			files = (
			);
			runOnlyForDeploymentPostprocessing = 0;
		};
		C7BB2AF625F46A6000F430D8 /* Resources */ = {
			isa = PBXResourcesBuildPhase;
			buildActionMask = 2147483647;
			files = (
			);
			runOnlyForDeploymentPostprocessing = 0;
		};
/* End PBXResourcesBuildPhase section */

/* Begin PBXSourcesBuildPhase section */
		C7BB2AD825F46A5F00F430D8 /* Sources */ = {
			isa = PBXSourcesBuildPhase;
			buildActionMask = 2147483647;
			files = (
				C7BB2B2425F486B700F430D8 /* StoreModels.swift in Sources */,
				C7BB2AE225F46A5F00F430D8 /* ContentView.swift in Sources */,
				C7BB2B2C25F51F9700F430D8 /* StoreListView.swift in Sources */,
				C7867E5025F9B21C009E68FA /* StoreMapView.swift in Sources */,
				C7BB2AE025F46A5F00F430D8 /* VaxSeenApp.swift in Sources */,
				C78840ED25F852C00039A8AC /* StoreListItemView.swift in Sources */,
				C7BB2B1825F47EAB00F430D8 /* CVSController.swift in Sources */,
				C7867E5525F9B452009E68FA /* LocationController.swift in Sources */,
				C7BB2B0E25F46DB800F430D8 /* CVSView.swift in Sources */,
			);
			runOnlyForDeploymentPostprocessing = 0;
		};
		C7BB2AE925F46A6000F430D8 /* Sources */ = {
			isa = PBXSourcesBuildPhase;
			buildActionMask = 2147483647;
			files = (
				C7BB2AF225F46A6000F430D8 /* VaxSeenTests.swift in Sources */,
			);
			runOnlyForDeploymentPostprocessing = 0;
		};
		C7BB2AF425F46A6000F430D8 /* Sources */ = {
			isa = PBXSourcesBuildPhase;
			buildActionMask = 2147483647;
			files = (
				C7BB2AFD25F46A6100F430D8 /* VaxSeenUITests.swift in Sources */,
			);
			runOnlyForDeploymentPostprocessing = 0;
		};
/* End PBXSourcesBuildPhase section */

/* Begin PBXTargetDependency section */
		C7BB2AEF25F46A6000F430D8 /* PBXTargetDependency */ = {
			isa = PBXTargetDependency;
			target = C7BB2ADB25F46A5F00F430D8 /* VaxSeen */;
			targetProxy = C7BB2AEE25F46A6000F430D8 /* PBXContainerItemProxy */;
		};
		C7BB2AFA25F46A6000F430D8 /* PBXTargetDependency */ = {
			isa = PBXTargetDependency;
			target = C7BB2ADB25F46A5F00F430D8 /* VaxSeen */;
			targetProxy = C7BB2AF925F46A6000F430D8 /* PBXContainerItemProxy */;
		};
/* End PBXTargetDependency section */

/* Begin XCBuildConfiguration section */
		C7BB2AFF25F46A6100F430D8 /* Debug */ = {
			isa = XCBuildConfiguration;
			buildSettings = {
				ALWAYS_SEARCH_USER_PATHS = NO;
				CLANG_ANALYZER_NONNULL = YES;
				CLANG_ANALYZER_NUMBER_OBJECT_CONVERSION = YES_AGGRESSIVE;
				CLANG_CXX_LANGUAGE_STANDARD = "gnu++14";
				CLANG_CXX_LIBRARY = "libc++";
				CLANG_ENABLE_MODULES = YES;
				CLANG_ENABLE_OBJC_ARC = YES;
				CLANG_ENABLE_OBJC_WEAK = YES;
				CLANG_WARN_BLOCK_CAPTURE_AUTORELEASING = YES;
				CLANG_WARN_BOOL_CONVERSION = YES;
				CLANG_WARN_COMMA = YES;
				CLANG_WARN_CONSTANT_CONVERSION = YES;
				CLANG_WARN_DEPRECATED_OBJC_IMPLEMENTATIONS = YES;
				CLANG_WARN_DIRECT_OBJC_ISA_USAGE = YES_ERROR;
				CLANG_WARN_DOCUMENTATION_COMMENTS = YES;
				CLANG_WARN_EMPTY_BODY = YES;
				CLANG_WARN_ENUM_CONVERSION = YES;
				CLANG_WARN_INFINITE_RECURSION = YES;
				CLANG_WARN_INT_CONVERSION = YES;
				CLANG_WARN_NON_LITERAL_NULL_CONVERSION = YES;
				CLANG_WARN_OBJC_IMPLICIT_RETAIN_SELF = YES;
				CLANG_WARN_OBJC_LITERAL_CONVERSION = YES;
				CLANG_WARN_OBJC_ROOT_CLASS = YES_ERROR;
				CLANG_WARN_QUOTED_INCLUDE_IN_FRAMEWORK_HEADER = YES;
				CLANG_WARN_RANGE_LOOP_ANALYSIS = YES;
				CLANG_WARN_STRICT_PROTOTYPES = YES;
				CLANG_WARN_SUSPICIOUS_MOVE = YES;
				CLANG_WARN_UNGUARDED_AVAILABILITY = YES_AGGRESSIVE;
				CLANG_WARN_UNREACHABLE_CODE = YES;
				CLANG_WARN__DUPLICATE_METHOD_MATCH = YES;
				COPY_PHASE_STRIP = NO;
				DEBUG_INFORMATION_FORMAT = dwarf;
				ENABLE_STRICT_OBJC_MSGSEND = YES;
				ENABLE_TESTABILITY = YES;
				GCC_C_LANGUAGE_STANDARD = gnu11;
				GCC_DYNAMIC_NO_PIC = NO;
				GCC_NO_COMMON_BLOCKS = YES;
				GCC_OPTIMIZATION_LEVEL = 0;
				GCC_PREPROCESSOR_DEFINITIONS = (
					"DEBUG=1",
					"$(inherited)",
				);
				GCC_WARN_64_TO_32_BIT_CONVERSION = YES;
				GCC_WARN_ABOUT_RETURN_TYPE = YES_ERROR;
				GCC_WARN_UNDECLARED_SELECTOR = YES;
				GCC_WARN_UNINITIALIZED_AUTOS = YES_AGGRESSIVE;
				GCC_WARN_UNUSED_FUNCTION = YES;
				GCC_WARN_UNUSED_VARIABLE = YES;
				IPHONEOS_DEPLOYMENT_TARGET = 14.4;
				MARKETING_VERSION = 0.1.0;
				MTL_ENABLE_DEBUG_INFO = INCLUDE_SOURCE;
				MTL_FAST_MATH = YES;
				ONLY_ACTIVE_ARCH = YES;
				SDKROOT = iphoneos;
				SWIFT_ACTIVE_COMPILATION_CONDITIONS = DEBUG;
				SWIFT_OPTIMIZATION_LEVEL = "-Onone";
			};
			name = Debug;
		};
		C7BB2B0025F46A6100F430D8 /* Release */ = {
			isa = XCBuildConfiguration;
			buildSettings = {
				ALWAYS_SEARCH_USER_PATHS = NO;
				CLANG_ANALYZER_NONNULL = YES;
				CLANG_ANALYZER_NUMBER_OBJECT_CONVERSION = YES_AGGRESSIVE;
				CLANG_CXX_LANGUAGE_STANDARD = "gnu++14";
				CLANG_CXX_LIBRARY = "libc++";
				CLANG_ENABLE_MODULES = YES;
				CLANG_ENABLE_OBJC_ARC = YES;
				CLANG_ENABLE_OBJC_WEAK = YES;
				CLANG_WARN_BLOCK_CAPTURE_AUTORELEASING = YES;
				CLANG_WARN_BOOL_CONVERSION = YES;
				CLANG_WARN_COMMA = YES;
				CLANG_WARN_CONSTANT_CONVERSION = YES;
				CLANG_WARN_DEPRECATED_OBJC_IMPLEMENTATIONS = YES;
				CLANG_WARN_DIRECT_OBJC_ISA_USAGE = YES_ERROR;
				CLANG_WARN_DOCUMENTATION_COMMENTS = YES;
				CLANG_WARN_EMPTY_BODY = YES;
				CLANG_WARN_ENUM_CONVERSION = YES;
				CLANG_WARN_INFINITE_RECURSION = YES;
				CLANG_WARN_INT_CONVERSION = YES;
				CLANG_WARN_NON_LITERAL_NULL_CONVERSION = YES;
				CLANG_WARN_OBJC_IMPLICIT_RETAIN_SELF = YES;
				CLANG_WARN_OBJC_LITERAL_CONVERSION = YES;
				CLANG_WARN_OBJC_ROOT_CLASS = YES_ERROR;
				CLANG_WARN_QUOTED_INCLUDE_IN_FRAMEWORK_HEADER = YES;
				CLANG_WARN_RANGE_LOOP_ANALYSIS = YES;
				CLANG_WARN_STRICT_PROTOTYPES = YES;
				CLANG_WARN_SUSPICIOUS_MOVE = YES;
				CLANG_WARN_UNGUARDED_AVAILABILITY = YES_AGGRESSIVE;
				CLANG_WARN_UNREACHABLE_CODE = YES;
				CLANG_WARN__DUPLICATE_METHOD_MATCH = YES;
				COPY_PHASE_STRIP = NO;
				DEBUG_INFORMATION_FORMAT = "dwarf-with-dsym";
				ENABLE_NS_ASSERTIONS = NO;
				ENABLE_STRICT_OBJC_MSGSEND = YES;
				GCC_C_LANGUAGE_STANDARD = gnu11;
				GCC_NO_COMMON_BLOCKS = YES;
				GCC_WARN_64_TO_32_BIT_CONVERSION = YES;
				GCC_WARN_ABOUT_RETURN_TYPE = YES_ERROR;
				GCC_WARN_UNDECLARED_SELECTOR = YES;
				GCC_WARN_UNINITIALIZED_AUTOS = YES_AGGRESSIVE;
				GCC_WARN_UNUSED_FUNCTION = YES;
				GCC_WARN_UNUSED_VARIABLE = YES;
				IPHONEOS_DEPLOYMENT_TARGET = 14.4;
				MARKETING_VERSION = 0.1.0;
				MTL_ENABLE_DEBUG_INFO = NO;
				MTL_FAST_MATH = YES;
				SDKROOT = iphoneos;
				SWIFT_COMPILATION_MODE = wholemodule;
				SWIFT_OPTIMIZATION_LEVEL = "-O";
				VALIDATE_PRODUCT = YES;
			};
			name = Release;
		};
		C7BB2B0225F46A6100F430D8 /* Debug */ = {
			isa = XCBuildConfiguration;
			buildSettings = {
				ASSETCATALOG_COMPILER_APPICON_NAME = AppIcon;
				ASSETCATALOG_COMPILER_GLOBAL_ACCENT_COLOR_NAME = AccentColor;
				CODE_SIGN_IDENTITY = "iPhone Distribution";
				CODE_SIGN_STYLE = Manual;
				CURRENT_PROJECT_VERSION = 4;
				DEVELOPMENT_ASSET_PATHS = "\"VaxSeen/Preview Content\"";
				DEVELOPMENT_TEAM = 5Y3P39W5LC;
				ENABLE_PREVIEWS = YES;
				INFOPLIST_FILE = VaxSeen/Info.plist;
				IPHONEOS_DEPLOYMENT_TARGET = 14.0;
				LD_RUNPATH_SEARCH_PATHS = (
					"$(inherited)",
					"@executable_path/Frameworks",
				);
				MARKETING_VERSION = 1.0;
				PRODUCT_BUNDLE_IDENTIFIER = com.migneco.VaxSeen;
				PRODUCT_NAME = "$(TARGET_NAME)";
				PROVISIONING_PROFILE_SPECIFIER = "VaxSeen Distribution";
				SWIFT_VERSION = 5.0;
				TARGETED_DEVICE_FAMILY = "1,2";
			};
			name = Debug;
		};
		C7BB2B0325F46A6100F430D8 /* Release */ = {
			isa = XCBuildConfiguration;
			buildSettings = {
				ASSETCATALOG_COMPILER_APPICON_NAME = AppIcon;
				ASSETCATALOG_COMPILER_GLOBAL_ACCENT_COLOR_NAME = AccentColor;
				CODE_SIGN_IDENTITY = "iPhone Distribution";
				CODE_SIGN_STYLE = Manual;
				CURRENT_PROJECT_VERSION = 4;
				DEVELOPMENT_ASSET_PATHS = "\"VaxSeen/Preview Content\"";
				DEVELOPMENT_TEAM = 5Y3P39W5LC;
				ENABLE_PREVIEWS = YES;
				INFOPLIST_FILE = VaxSeen/Info.plist;
				IPHONEOS_DEPLOYMENT_TARGET = 14.0;
				LD_RUNPATH_SEARCH_PATHS = (
					"$(inherited)",
					"@executable_path/Frameworks",
				);
				MARKETING_VERSION = 1.0;
				PRODUCT_BUNDLE_IDENTIFIER = com.migneco.VaxSeen;
				PRODUCT_NAME = "$(TARGET_NAME)";
				PROVISIONING_PROFILE_SPECIFIER = "VaxSeen Distribution";
				SWIFT_VERSION = 5.0;
				TARGETED_DEVICE_FAMILY = "1,2";
			};
			name = Release;
		};
		C7BB2B0525F46A6100F430D8 /* Debug */ = {
			isa = XCBuildConfiguration;
			buildSettings = {
				ALWAYS_EMBED_SWIFT_STANDARD_LIBRARIES = YES;
				BUNDLE_LOADER = "$(TEST_HOST)";
				CODE_SIGN_STYLE = Automatic;
				DEVELOPMENT_TEAM = 862W694CKK;
				INFOPLIST_FILE = VaxSeenTests/Info.plist;
				IPHONEOS_DEPLOYMENT_TARGET = 14.0;
				LD_RUNPATH_SEARCH_PATHS = (
					"$(inherited)",
					"@executable_path/Frameworks",
					"@loader_path/Frameworks",
				);
				PRODUCT_BUNDLE_IDENTIFIER = com.rm.VaxSeenTests;
				PRODUCT_NAME = "$(TARGET_NAME)";
				SWIFT_VERSION = 5.0;
				TARGETED_DEVICE_FAMILY = "1,2";
				TEST_HOST = "$(BUILT_PRODUCTS_DIR)/VaxSeen.app/VaxSeen";
			};
			name = Debug;
		};
		C7BB2B0625F46A6100F430D8 /* Release */ = {
			isa = XCBuildConfiguration;
			buildSettings = {
				ALWAYS_EMBED_SWIFT_STANDARD_LIBRARIES = YES;
				BUNDLE_LOADER = "$(TEST_HOST)";
				CODE_SIGN_STYLE = Automatic;
				DEVELOPMENT_TEAM = 862W694CKK;
				INFOPLIST_FILE = VaxSeenTests/Info.plist;
				IPHONEOS_DEPLOYMENT_TARGET = 14.0;
				LD_RUNPATH_SEARCH_PATHS = (
					"$(inherited)",
					"@executable_path/Frameworks",
					"@loader_path/Frameworks",
				);
				PRODUCT_BUNDLE_IDENTIFIER = com.rm.VaxSeenTests;
				PRODUCT_NAME = "$(TARGET_NAME)";
				SWIFT_VERSION = 5.0;
				TARGETED_DEVICE_FAMILY = "1,2";
				TEST_HOST = "$(BUILT_PRODUCTS_DIR)/VaxSeen.app/VaxSeen";
			};
			name = Release;
		};
		C7BB2B0825F46A6100F430D8 /* Debug */ = {
			isa = XCBuildConfiguration;
			buildSettings = {
				ALWAYS_EMBED_SWIFT_STANDARD_LIBRARIES = YES;
				CODE_SIGN_STYLE = Automatic;
				DEVELOPMENT_TEAM = 862W694CKK;
				INFOPLIST_FILE = VaxSeenUITests/Info.plist;
				LD_RUNPATH_SEARCH_PATHS = (
					"$(inherited)",
					"@executable_path/Frameworks",
					"@loader_path/Frameworks",
				);
				PRODUCT_BUNDLE_IDENTIFIER = com.rm.VaxSeenUITests;
				PRODUCT_NAME = "$(TARGET_NAME)";
				SWIFT_VERSION = 5.0;
				TARGETED_DEVICE_FAMILY = "1,2";
				TEST_TARGET_NAME = VaxSeen;
			};
			name = Debug;
		};
		C7BB2B0925F46A6100F430D8 /* Release */ = {
			isa = XCBuildConfiguration;
			buildSettings = {
				ALWAYS_EMBED_SWIFT_STANDARD_LIBRARIES = YES;
				CODE_SIGN_STYLE = Automatic;
				DEVELOPMENT_TEAM = 862W694CKK;
				INFOPLIST_FILE = VaxSeenUITests/Info.plist;
				LD_RUNPATH_SEARCH_PATHS = (
					"$(inherited)",
					"@executable_path/Frameworks",
					"@loader_path/Frameworks",
				);
				PRODUCT_BUNDLE_IDENTIFIER = com.rm.VaxSeenUITests;
				PRODUCT_NAME = "$(TARGET_NAME)";
				SWIFT_VERSION = 5.0;
				TARGETED_DEVICE_FAMILY = "1,2";
				TEST_TARGET_NAME = VaxSeen;
			};
			name = Release;
		};
/* End XCBuildConfiguration section */

/* Begin XCConfigurationList section */
		C7BB2AD725F46A5F00F430D8 /* Build configuration list for PBXProject "VaxSeen" */ = {
			isa = XCConfigurationList;
			buildConfigurations = (
				C7BB2AFF25F46A6100F430D8 /* Debug */,
				C7BB2B0025F46A6100F430D8 /* Release */,
			);
			defaultConfigurationIsVisible = 0;
			defaultConfigurationName = Release;
		};
		C7BB2B0125F46A6100F430D8 /* Build configuration list for PBXNativeTarget "VaxSeen" */ = {
			isa = XCConfigurationList;
			buildConfigurations = (
				C7BB2B0225F46A6100F430D8 /* Debug */,
				C7BB2B0325F46A6100F430D8 /* Release */,
			);
			defaultConfigurationIsVisible = 0;
			defaultConfigurationName = Release;
		};
		C7BB2B0425F46A6100F430D8 /* Build configuration list for PBXNativeTarget "VaxSeenTests" */ = {
			isa = XCConfigurationList;
			buildConfigurations = (
				C7BB2B0525F46A6100F430D8 /* Debug */,
				C7BB2B0625F46A6100F430D8 /* Release */,
			);
			defaultConfigurationIsVisible = 0;
			defaultConfigurationName = Release;
		};
		C7BB2B0725F46A6100F430D8 /* Build configuration list for PBXNativeTarget "VaxSeenUITests" */ = {
			isa = XCConfigurationList;
			buildConfigurations = (
				C7BB2B0825F46A6100F430D8 /* Debug */,
				C7BB2B0925F46A6100F430D8 /* Release */,
			);
			defaultConfigurationIsVisible = 0;
			defaultConfigurationName = Release;
		};
/* End XCConfigurationList section */
	};
	rootObject = C7BB2AD425F46A5F00F430D8 /* Project object */;
}
